// !$*UTF8*$!
{
	archiveVersion = 1;
	classes = {
	};
	objectVersion = 56;
	objects = {

/* Begin PBXBuildFile section */
		7C1C71AE2B29060800701CB0 /* Extensions.swift in Sources */ = {isa = PBXBuildFile; fileRef = 7C1C71AD2B29060800701CB0 /* Extensions.swift */; };
		7C2B3BCF2AF8F03700B747F6 /* WeatherAppApp.swift in Sources */ = {isa = PBXBuildFile; fileRef = 7C2B3BCE2AF8F03700B747F6 /* WeatherAppApp.swift */; };
		7C2B3BD12AF8F03700B747F6 /* CurrentWeatherTabView.swift in Sources */ = {isa = PBXBuildFile; fileRef = 7C2B3BD02AF8F03700B747F6 /* CurrentWeatherTabView.swift */; };
		7C2B3BD32AF8F03900B747F6 /* Assets.xcassets in Resources */ = {isa = PBXBuildFile; fileRef = 7C2B3BD22AF8F03900B747F6 /* Assets.xcassets */; };
		7C2B3BD62AF8F03900B747F6 /* Preview Assets.xcassets in Resources */ = {isa = PBXBuildFile; fileRef = 7C2B3BD52AF8F03900B747F6 /* Preview Assets.xcassets */; };
		7C3605432B4BF4C6000D20CE /* FavoriteRow.swift in Sources */ = {isa = PBXBuildFile; fileRef = 7C3605422B4BF4C6000D20CE /* FavoriteRow.swift */; };
		7C458DD12AFD5A1000DF6F04 /* CurrentWeatherViewModel.swift in Sources */ = {isa = PBXBuildFile; fileRef = 7C458DD02AFD5A1000DF6F04 /* CurrentWeatherViewModel.swift */; };
		7C458DD32AFD5A2300DF6F04 /* CurrentWeatherView.swift in Sources */ = {isa = PBXBuildFile; fileRef = 7C458DD22AFD5A2300DF6F04 /* CurrentWeatherView.swift */; };
		7C458DD62AFD5CE700DF6F04 /* APIRequest.swift in Sources */ = {isa = PBXBuildFile; fileRef = 7C458DD52AFD5CE700DF6F04 /* APIRequest.swift */; };
		7C458DD82AFD5DBF00DF6F04 /* CurrentWeatherRequest.swift in Sources */ = {isa = PBXBuildFile; fileRef = 7C458DD72AFD5DBF00DF6F04 /* CurrentWeatherRequest.swift */; };
		7C458DDA2AFD5E6200DF6F04 /* APIClient.swift in Sources */ = {isa = PBXBuildFile; fileRef = 7C458DD92AFD5E6200DF6F04 /* APIClient.swift */; };
		7C458DDC2AFD5EA200DF6F04 /* DefaultAPIClient.swift in Sources */ = {isa = PBXBuildFile; fileRef = 7C458DDB2AFD5EA200DF6F04 /* DefaultAPIClient.swift */; };
		7C458DDE2AFD604F00DF6F04 /* WeatherRepository.swift in Sources */ = {isa = PBXBuildFile; fileRef = 7C458DDD2AFD604F00DF6F04 /* WeatherRepository.swift */; };
		7C5AC7492B0F3B960094CBF2 /* CurrentWeatherResponse.swift in Sources */ = {isa = PBXBuildFile; fileRef = 7C5AC7482B0F3B960094CBF2 /* CurrentWeatherResponse.swift */; };
		7C5AC74B2B1F14E50094CBF2 /* CurrentWeatherTabViewModel.swift in Sources */ = {isa = PBXBuildFile; fileRef = 7C5AC74A2B1F14E50094CBF2 /* CurrentWeatherTabViewModel.swift */; };
		7C5AC74D2B1F17290094CBF2 /* FavoriteCitiesView.swift in Sources */ = {isa = PBXBuildFile; fileRef = 7C5AC74C2B1F17290094CBF2 /* FavoriteCitiesView.swift */; };
		7C5AC74F2B1F17400094CBF2 /* FavoriteCitiesViewModel.swift in Sources */ = {isa = PBXBuildFile; fileRef = 7C5AC74E2B1F17400094CBF2 /* FavoriteCitiesViewModel.swift */; };
		7C5AC7602B1F2E8E0094CBF2 /* FavoriteCityRepository.swift in Sources */ = {isa = PBXBuildFile; fileRef = 7C5AC75F2B1F2E8E0094CBF2 /* FavoriteCityRepository.swift */; };
		7C5AC76E2B21D1F00094CBF2 /* ViewModelFactory.swift in Sources */ = {isa = PBXBuildFile; fileRef = 7C5AC76D2B21D1F00094CBF2 /* ViewModelFactory.swift */; };
		7C5AC7752B2251440094CBF2 /* WeatherRow.swift in Sources */ = {isa = PBXBuildFile; fileRef = 7C5AC7742B2251440094CBF2 /* WeatherRow.swift */; };
		7C8AB1942B7A267D00F1C373 /* FavoriteDetails.swift in Sources */ = {isa = PBXBuildFile; fileRef = 7C8AB1932B7A267D00F1C373 /* FavoriteDetails.swift */; };
/* End PBXBuildFile section */

/* Begin PBXFileReference section */
		7C1C71AD2B29060800701CB0 /* Extensions.swift */ = {isa = PBXFileReference; lastKnownFileType = sourcecode.swift; path = Extensions.swift; sourceTree = "<group>"; };
		7C2B3BCB2AF8F03700B747F6 /* WeatherApp.app */ = {isa = PBXFileReference; explicitFileType = wrapper.application; includeInIndex = 0; path = WeatherApp.app; sourceTree = BUILT_PRODUCTS_DIR; };
		7C2B3BCE2AF8F03700B747F6 /* WeatherAppApp.swift */ = {isa = PBXFileReference; lastKnownFileType = sourcecode.swift; path = WeatherAppApp.swift; sourceTree = "<group>"; };
		7C2B3BD02AF8F03700B747F6 /* CurrentWeatherTabView.swift */ = {isa = PBXFileReference; lastKnownFileType = sourcecode.swift; path = CurrentWeatherTabView.swift; sourceTree = "<group>"; };
		7C2B3BD22AF8F03900B747F6 /* Assets.xcassets */ = {isa = PBXFileReference; lastKnownFileType = folder.assetcatalog; path = Assets.xcassets; sourceTree = "<group>"; };
		7C2B3BD52AF8F03900B747F6 /* Preview Assets.xcassets */ = {isa = PBXFileReference; lastKnownFileType = folder.assetcatalog; path = "Preview Assets.xcassets"; sourceTree = "<group>"; };
		7C3605422B4BF4C6000D20CE /* FavoriteRow.swift */ = {isa = PBXFileReference; lastKnownFileType = sourcecode.swift; path = FavoriteRow.swift; sourceTree = "<group>"; };
		7C458DD02AFD5A1000DF6F04 /* CurrentWeatherViewModel.swift */ = {isa = PBXFileReference; lastKnownFileType = sourcecode.swift; path = CurrentWeatherViewModel.swift; sourceTree = "<group>"; };
		7C458DD22AFD5A2300DF6F04 /* CurrentWeatherView.swift */ = {isa = PBXFileReference; lastKnownFileType = sourcecode.swift; path = CurrentWeatherView.swift; sourceTree = "<group>"; };
		7C458DD52AFD5CE700DF6F04 /* APIRequest.swift */ = {isa = PBXFileReference; lastKnownFileType = sourcecode.swift; path = APIRequest.swift; sourceTree = "<group>"; };
		7C458DD72AFD5DBF00DF6F04 /* CurrentWeatherRequest.swift */ = {isa = PBXFileReference; lastKnownFileType = sourcecode.swift; path = CurrentWeatherRequest.swift; sourceTree = "<group>"; };
		7C458DD92AFD5E6200DF6F04 /* APIClient.swift */ = {isa = PBXFileReference; lastKnownFileType = sourcecode.swift; path = APIClient.swift; sourceTree = "<group>"; };
		7C458DDB2AFD5EA200DF6F04 /* DefaultAPIClient.swift */ = {isa = PBXFileReference; lastKnownFileType = sourcecode.swift; path = DefaultAPIClient.swift; sourceTree = "<group>"; };
		7C458DDD2AFD604F00DF6F04 /* WeatherRepository.swift */ = {isa = PBXFileReference; lastKnownFileType = sourcecode.swift; path = WeatherRepository.swift; sourceTree = "<group>"; };
		7C5AC7482B0F3B960094CBF2 /* CurrentWeatherResponse.swift */ = {isa = PBXFileReference; lastKnownFileType = sourcecode.swift; path = CurrentWeatherResponse.swift; sourceTree = "<group>"; };
		7C5AC74A2B1F14E50094CBF2 /* CurrentWeatherTabViewModel.swift */ = {isa = PBXFileReference; lastKnownFileType = sourcecode.swift; path = CurrentWeatherTabViewModel.swift; sourceTree = "<group>"; };
		7C5AC74C2B1F17290094CBF2 /* FavoriteCitiesView.swift */ = {isa = PBXFileReference; lastKnownFileType = sourcecode.swift; path = FavoriteCitiesView.swift; sourceTree = "<group>"; };
		7C5AC74E2B1F17400094CBF2 /* FavoriteCitiesViewModel.swift */ = {isa = PBXFileReference; lastKnownFileType = sourcecode.swift; path = FavoriteCitiesViewModel.swift; sourceTree = "<group>"; };
		7C5AC75F2B1F2E8E0094CBF2 /* FavoriteCityRepository.swift */ = {isa = PBXFileReference; lastKnownFileType = sourcecode.swift; path = FavoriteCityRepository.swift; sourceTree = "<group>"; };
		7C5AC76D2B21D1F00094CBF2 /* ViewModelFactory.swift */ = {isa = PBXFileReference; lastKnownFileType = sourcecode.swift; path = ViewModelFactory.swift; sourceTree = "<group>"; };
		7C5AC7742B2251440094CBF2 /* WeatherRow.swift */ = {isa = PBXFileReference; lastKnownFileType = sourcecode.swift; path = WeatherRow.swift; sourceTree = "<group>"; };
		7C8AB1932B7A267D00F1C373 /* FavoriteDetails.swift */ = {isa = PBXFileReference; lastKnownFileType = sourcecode.swift; path = FavoriteDetails.swift; sourceTree = "<group>"; };
/* End PBXFileReference section */

/* Begin PBXFrameworksBuildPhase section */
		7C2B3BC82AF8F03700B747F6 /* Frameworks */ = {
			isa = PBXFrameworksBuildPhase;
			buildActionMask = 2147483647;
			files = (
			);
			runOnlyForDeploymentPostprocessing = 0;
		};
/* End PBXFrameworksBuildPhase section */

/* Begin PBXGroup section */
		7C1C71AC2B2905B000701CB0 /* Extensions */ = {
			isa = PBXGroup;
			children = (
				7C1C71AD2B29060800701CB0 /* Extensions.swift */,
			);
			path = Extensions;
			sourceTree = "<group>";
		};
		7C2B3BC22AF8F03700B747F6 = {
			isa = PBXGroup;
			children = (
				7C2B3BCD2AF8F03700B747F6 /* WeatherApp */,
				7C2B3BCC2AF8F03700B747F6 /* Products */,
			);
			sourceTree = "<group>";
		};
		7C2B3BCC2AF8F03700B747F6 /* Products */ = {
			isa = PBXGroup;
			children = (
				7C2B3BCB2AF8F03700B747F6 /* WeatherApp.app */,
			);
			name = Products;
			sourceTree = "<group>";
		};
		7C2B3BCD2AF8F03700B747F6 /* WeatherApp */ = {
			isa = PBXGroup;
			children = (
				7C458DD42AFD5CC500DF6F04 /* Networking */,
				7C2B3BCE2AF8F03700B747F6 /* WeatherAppApp.swift */,
				7C5AC76B2B21D1AC0094CBF2 /* UI */,
				7C2B3BD22AF8F03900B747F6 /* Assets.xcassets */,
				7C2B3BD42AF8F03900B747F6 /* Preview Content */,
			);
			path = WeatherApp;
			sourceTree = "<group>";
		};
		7C2B3BD42AF8F03900B747F6 /* Preview Content */ = {
			isa = PBXGroup;
			children = (
				7C2B3BD52AF8F03900B747F6 /* Preview Assets.xcassets */,
			);
			path = "Preview Content";
			sourceTree = "<group>";
		};
		7C3D41C52B2303D300BBAB7D /* Elements */ = {
			isa = PBXGroup;
			children = (
				7C5AC7742B2251440094CBF2 /* WeatherRow.swift */,
				7C3605422B4BF4C6000D20CE /* FavoriteRow.swift */,
				7C8AB1932B7A267D00F1C373 /* FavoriteDetails.swift */,
			);
			path = Elements;
			sourceTree = "<group>";
		};
		7C458DD42AFD5CC500DF6F04 /* Networking */ = {
			isa = PBXGroup;
			children = (
				7C458DD52AFD5CE700DF6F04 /* APIRequest.swift */,
				7C458DD72AFD5DBF00DF6F04 /* CurrentWeatherRequest.swift */,
				7C458DD92AFD5E6200DF6F04 /* APIClient.swift */,
				7C458DDB2AFD5EA200DF6F04 /* DefaultAPIClient.swift */,
				7C458DDD2AFD604F00DF6F04 /* WeatherRepository.swift */,
				7C5AC75F2B1F2E8E0094CBF2 /* FavoriteCityRepository.swift */,
			);
			path = Networking;
			sourceTree = "<group>";
		};
		7C5AC7692B21CCF40094CBF2 /* CurrentWeather */ = {
			isa = PBXGroup;
			children = (
				7C458DD22AFD5A2300DF6F04 /* CurrentWeatherView.swift */,
				7C458DD02AFD5A1000DF6F04 /* CurrentWeatherViewModel.swift */,
			);
			path = CurrentWeather;
			sourceTree = "<group>";
		};
		7C5AC76A2B21CD050094CBF2 /* Favorites */ = {
			isa = PBXGroup;
			children = (
				7C5AC74C2B1F17290094CBF2 /* FavoriteCitiesView.swift */,
				7C5AC74E2B1F17400094CBF2 /* FavoriteCitiesViewModel.swift */,
			);
			path = Favorites;
			sourceTree = "<group>";
		};
		7C5AC76B2B21D1AC0094CBF2 /* UI */ = {
			isa = PBXGroup;
			children = (
				7C5AC7482B0F3B960094CBF2 /* CurrentWeatherResponse.swift */,
				7C5AC76C2B21D1B60094CBF2 /* Factories */,
				7C5AC76F2B21DA940094CBF2 /* TabView */,
				7C5AC7692B21CCF40094CBF2 /* CurrentWeather */,
				7C5AC76A2B21CD050094CBF2 /* Favorites */,
				7C3D41C52B2303D300BBAB7D /* Elements */,
				7C1C71AC2B2905B000701CB0 /* Extensions */,
			);
			path = UI;
			sourceTree = "<group>";
		};
		7C5AC76C2B21D1B60094CBF2 /* Factories */ = {
			isa = PBXGroup;
			children = (
				7C5AC76D2B21D1F00094CBF2 /* ViewModelFactory.swift */,
			);
			path = Factories;
			sourceTree = "<group>";
		};
		7C5AC76F2B21DA940094CBF2 /* TabView */ = {
			isa = PBXGroup;
			children = (
				7C2B3BD02AF8F03700B747F6 /* CurrentWeatherTabView.swift */,
				7C5AC74A2B1F14E50094CBF2 /* CurrentWeatherTabViewModel.swift */,
			);
			path = TabView;
			sourceTree = "<group>";
		};
/* End PBXGroup section */

/* Begin PBXNativeTarget section */
		7C2B3BCA2AF8F03700B747F6 /* WeatherApp */ = {
			isa = PBXNativeTarget;
			buildConfigurationList = 7C2B3BD92AF8F03900B747F6 /* Build configuration list for PBXNativeTarget "WeatherApp" */;
			buildPhases = (
				7C2B3BC72AF8F03700B747F6 /* Sources */,
				7C2B3BC82AF8F03700B747F6 /* Frameworks */,
				7C2B3BC92AF8F03700B747F6 /* Resources */,
			);
			buildRules = (
			);
			dependencies = (
			);
			name = WeatherApp;
			productName = WeatherApp;
			productReference = 7C2B3BCB2AF8F03700B747F6 /* WeatherApp.app */;
			productType = "com.apple.product-type.application";
		};
/* End PBXNativeTarget section */

/* Begin PBXProject section */
		7C2B3BC32AF8F03700B747F6 /* Project object */ = {
			isa = PBXProject;
			attributes = {
				BuildIndependentTargetsInParallel = 1;
				LastSwiftUpdateCheck = 1420;
				LastUpgradeCheck = 1420;
				TargetAttributes = {
					7C2B3BCA2AF8F03700B747F6 = {
						CreatedOnToolsVersion = 14.2;
					};
				};
			};
			buildConfigurationList = 7C2B3BC62AF8F03700B747F6 /* Build configuration list for PBXProject "WeatherApp" */;
			compatibilityVersion = "Xcode 14.0";
			developmentRegion = en;
			hasScannedForEncodings = 0;
			knownRegions = (
				en,
				Base,
			);
			mainGroup = 7C2B3BC22AF8F03700B747F6;
			productRefGroup = 7C2B3BCC2AF8F03700B747F6 /* Products */;
			projectDirPath = "";
			projectRoot = "";
			targets = (
				7C2B3BCA2AF8F03700B747F6 /* WeatherApp */,
			);
		};
/* End PBXProject section */

/* Begin PBXResourcesBuildPhase section */
		7C2B3BC92AF8F03700B747F6 /* Resources */ = {
			isa = PBXResourcesBuildPhase;
			buildActionMask = 2147483647;
			files = (
				7C2B3BD62AF8F03900B747F6 /* Preview Assets.xcassets in Resources */,
				7C2B3BD32AF8F03900B747F6 /* Assets.xcassets in Resources */,
			);
			runOnlyForDeploymentPostprocessing = 0;
		};
/* End PBXResourcesBuildPhase section */

/* Begin PBXSourcesBuildPhase section */
		7C2B3BC72AF8F03700B747F6 /* Sources */ = {
			isa = PBXSourcesBuildPhase;
			buildActionMask = 2147483647;
			files = (
				7C458DDE2AFD604F00DF6F04 /* WeatherRepository.swift in Sources */,
				7C2B3BD12AF8F03700B747F6 /* CurrentWeatherTabView.swift in Sources */,
				7C5AC7752B2251440094CBF2 /* WeatherRow.swift in Sources */,
				7C3605432B4BF4C6000D20CE /* FavoriteRow.swift in Sources */,
				7C8AB1942B7A267D00F1C373 /* FavoriteDetails.swift in Sources */,
				7C5AC74F2B1F17400094CBF2 /* FavoriteCitiesViewModel.swift in Sources */,
				7C5AC76E2B21D1F00094CBF2 /* ViewModelFactory.swift in Sources */,
				7C458DD32AFD5A2300DF6F04 /* CurrentWeatherView.swift in Sources */,
				7C5AC74D2B1F17290094CBF2 /* FavoriteCitiesView.swift in Sources */,
				7C458DDC2AFD5EA200DF6F04 /* DefaultAPIClient.swift in Sources */,
				7C458DD62AFD5CE700DF6F04 /* APIRequest.swift in Sources */,
				7C1C71AE2B29060800701CB0 /* Extensions.swift in Sources */,
				7C458DD82AFD5DBF00DF6F04 /* CurrentWeatherRequest.swift in Sources */,
				7C458DDA2AFD5E6200DF6F04 /* APIClient.swift in Sources */,
				7C2B3BCF2AF8F03700B747F6 /* WeatherAppApp.swift in Sources */,
				7C5AC7602B1F2E8E0094CBF2 /* FavoriteCityRepository.swift in Sources */,
				7C458DD12AFD5A1000DF6F04 /* CurrentWeatherViewModel.swift in Sources */,
				7C5AC7492B0F3B960094CBF2 /* CurrentWeatherResponse.swift in Sources */,
				7C5AC74B2B1F14E50094CBF2 /* CurrentWeatherTabViewModel.swift in Sources */,
			);
			runOnlyForDeploymentPostprocessing = 0;
		};
/* End PBXSourcesBuildPhase section */

/* Begin XCBuildConfiguration section */
		7C2B3BD72AF8F03900B747F6 /* Debug */ = {
			isa = XCBuildConfiguration;
			buildSettings = {
				ALWAYS_SEARCH_USER_PATHS = NO;
				CLANG_ANALYZER_NONNULL = YES;
				CLANG_ANALYZER_NUMBER_OBJECT_CONVERSION = YES_AGGRESSIVE;
				CLANG_CXX_LANGUAGE_STANDARD = "gnu++20";
				CLANG_ENABLE_MODULES = YES;
				CLANG_ENABLE_OBJC_ARC = YES;
				CLANG_ENABLE_OBJC_WEAK = YES;
				CLANG_WARN_BLOCK_CAPTURE_AUTORELEASING = YES;
				CLANG_WARN_BOOL_CONVERSION = YES;
				CLANG_WARN_COMMA = YES;
				CLANG_WARN_CONSTANT_CONVERSION = YES;
				CLANG_WARN_DEPRECATED_OBJC_IMPLEMENTATIONS = YES;
				CLANG_WARN_DIRECT_OBJC_ISA_USAGE = YES_ERROR;
				CLANG_WARN_DOCUMENTATION_COMMENTS = YES;
				CLANG_WARN_EMPTY_BODY = YES;
				CLANG_WARN_ENUM_CONVERSION = YES;
				CLANG_WARN_INFINITE_RECURSION = YES;
				CLANG_WARN_INT_CONVERSION = YES;
				CLANG_WARN_NON_LITERAL_NULL_CONVERSION = YES;
				CLANG_WARN_OBJC_IMPLICIT_RETAIN_SELF = YES;
				CLANG_WARN_OBJC_LITERAL_CONVERSION = YES;
				CLANG_WARN_OBJC_ROOT_CLASS = YES_ERROR;
				CLANG_WARN_QUOTED_INCLUDE_IN_FRAMEWORK_HEADER = YES;
				CLANG_WARN_RANGE_LOOP_ANALYSIS = YES;
				CLANG_WARN_STRICT_PROTOTYPES = YES;
				CLANG_WARN_SUSPICIOUS_MOVE = YES;
				CLANG_WARN_UNGUARDED_AVAILABILITY = YES_AGGRESSIVE;
				CLANG_WARN_UNREACHABLE_CODE = YES;
				CLANG_WARN__DUPLICATE_METHOD_MATCH = YES;
				COPY_PHASE_STRIP = NO;
				DEBUG_INFORMATION_FORMAT = dwarf;
				ENABLE_STRICT_OBJC_MSGSEND = YES;
				ENABLE_TESTABILITY = YES;
				GCC_C_LANGUAGE_STANDARD = gnu11;
				GCC_DYNAMIC_NO_PIC = NO;
				GCC_NO_COMMON_BLOCKS = YES;
				GCC_OPTIMIZATION_LEVEL = 0;
				GCC_PREPROCESSOR_DEFINITIONS = (
					"DEBUG=1",
					"$(inherited)",
				);
				GCC_WARN_64_TO_32_BIT_CONVERSION = YES;
				GCC_WARN_ABOUT_RETURN_TYPE = YES_ERROR;
				GCC_WARN_UNDECLARED_SELECTOR = YES;
				GCC_WARN_UNINITIALIZED_AUTOS = YES_AGGRESSIVE;
				GCC_WARN_UNUSED_FUNCTION = YES;
				GCC_WARN_UNUSED_VARIABLE = YES;
				IPHONEOS_DEPLOYMENT_TARGET = 16.2;
				MTL_ENABLE_DEBUG_INFO = INCLUDE_SOURCE;
				MTL_FAST_MATH = YES;
				ONLY_ACTIVE_ARCH = YES;
				SDKROOT = iphoneos;
				SWIFT_ACTIVE_COMPILATION_CONDITIONS = DEBUG;
				SWIFT_OPTIMIZATION_LEVEL = "-Onone";
			};
			name = Debug;
		};
		7C2B3BD82AF8F03900B747F6 /* Release */ = {
			isa = XCBuildConfiguration;
			buildSettings = {
				ALWAYS_SEARCH_USER_PATHS = NO;
				CLANG_ANALYZER_NONNULL = YES;
				CLANG_ANALYZER_NUMBER_OBJECT_CONVERSION = YES_AGGRESSIVE;
				CLANG_CXX_LANGUAGE_STANDARD = "gnu++20";
				CLANG_ENABLE_MODULES = YES;
				CLANG_ENABLE_OBJC_ARC = YES;
				CLANG_ENABLE_OBJC_WEAK = YES;
				CLANG_WARN_BLOCK_CAPTURE_AUTORELEASING = YES;
				CLANG_WARN_BOOL_CONVERSION = YES;
				CLANG_WARN_COMMA = YES;
				CLANG_WARN_CONSTANT_CONVERSION = YES;
				CLANG_WARN_DEPRECATED_OBJC_IMPLEMENTATIONS = YES;
				CLANG_WARN_DIRECT_OBJC_ISA_USAGE = YES_ERROR;
				CLANG_WARN_DOCUMENTATION_COMMENTS = YES;
				CLANG_WARN_EMPTY_BODY = YES;
				CLANG_WARN_ENUM_CONVERSION = YES;
				CLANG_WARN_INFINITE_RECURSION = YES;
				CLANG_WARN_INT_CONVERSION = YES;
				CLANG_WARN_NON_LITERAL_NULL_CONVERSION = YES;
				CLANG_WARN_OBJC_IMPLICIT_RETAIN_SELF = YES;
				CLANG_WARN_OBJC_LITERAL_CONVERSION = YES;
				CLANG_WARN_OBJC_ROOT_CLASS = YES_ERROR;
				CLANG_WARN_QUOTED_INCLUDE_IN_FRAMEWORK_HEADER = YES;
				CLANG_WARN_RANGE_LOOP_ANALYSIS = YES;
				CLANG_WARN_STRICT_PROTOTYPES = YES;
				CLANG_WARN_SUSPICIOUS_MOVE = YES;
				CLANG_WARN_UNGUARDED_AVAILABILITY = YES_AGGRESSIVE;
				CLANG_WARN_UNREACHABLE_CODE = YES;
				CLANG_WARN__DUPLICATE_METHOD_MATCH = YES;
				COPY_PHASE_STRIP = NO;
				DEBUG_INFORMATION_FORMAT = "dwarf-with-dsym";
				ENABLE_NS_ASSERTIONS = NO;
				ENABLE_STRICT_OBJC_MSGSEND = YES;
				GCC_C_LANGUAGE_STANDARD = gnu11;
				GCC_NO_COMMON_BLOCKS = YES;
				GCC_WARN_64_TO_32_BIT_CONVERSION = YES;
				GCC_WARN_ABOUT_RETURN_TYPE = YES_ERROR;
				GCC_WARN_UNDECLARED_SELECTOR = YES;
				GCC_WARN_UNINITIALIZED_AUTOS = YES_AGGRESSIVE;
				GCC_WARN_UNUSED_FUNCTION = YES;
				GCC_WARN_UNUSED_VARIABLE = YES;
				IPHONEOS_DEPLOYMENT_TARGET = 16.2;
				MTL_ENABLE_DEBUG_INFO = NO;
				MTL_FAST_MATH = YES;
				SDKROOT = iphoneos;
				SWIFT_COMPILATION_MODE = wholemodule;
				SWIFT_OPTIMIZATION_LEVEL = "-O";
				VALIDATE_PRODUCT = YES;
			};
			name = Release;
		};
		7C2B3BDA2AF8F03900B747F6 /* Debug */ = {
			isa = XCBuildConfiguration;
			buildSettings = {
				ASSETCATALOG_COMPILER_APPICON_NAME = AppIcon;
				ASSETCATALOG_COMPILER_GLOBAL_ACCENT_COLOR_NAME = AccentColor;
				CODE_SIGN_STYLE = Automatic;
				CURRENT_PROJECT_VERSION = 1;
				DEVELOPMENT_ASSET_PATHS = "\"WeatherApp/Preview Content\"";
				ENABLE_PREVIEWS = YES;
				GENERATE_INFOPLIST_FILE = YES;
				INFOPLIST_KEY_UIApplicationSceneManifest_Generation = YES;
				INFOPLIST_KEY_UIApplicationSupportsIndirectInputEvents = YES;
				INFOPLIST_KEY_UILaunchScreen_Generation = YES;
				INFOPLIST_KEY_UISupportedInterfaceOrientations_iPad = "UIInterfaceOrientationPortrait UIInterfaceOrientationPortraitUpsideDown UIInterfaceOrientationLandscapeLeft UIInterfaceOrientationLandscapeRight";
				INFOPLIST_KEY_UISupportedInterfaceOrientations_iPhone = "UIInterfaceOrientationPortrait UIInterfaceOrientationLandscapeLeft UIInterfaceOrientationLandscapeRight";
				LD_RUNPATH_SEARCH_PATHS = (
					"$(inherited)",
					"@executable_path/Frameworks",
				);
				MARKETING_VERSION = 1.0;
				PRODUCT_BUNDLE_IDENTIFIER = PD.WeatherApp;
				PRODUCT_NAME = "$(TARGET_NAME)";
				SWIFT_EMIT_LOC_STRINGS = YES;
				SWIFT_VERSION = 5.0;
				TARGETED_DEVICE_FAMILY = "1,2";
			};
			name = Debug;
		};
		7C2B3BDB2AF8F03900B747F6 /* Release */ = {
			isa = XCBuildConfiguration;
			buildSettings = {
				ASSETCATALOG_COMPILER_APPICON_NAME = AppIcon;
				ASSETCATALOG_COMPILER_GLOBAL_ACCENT_COLOR_NAME = AccentColor;
				CODE_SIGN_STYLE = Automatic;
				CURRENT_PROJECT_VERSION = 1;
				DEVELOPMENT_ASSET_PATHS = "\"WeatherApp/Preview Content\"";
				ENABLE_PREVIEWS = YES;
				GENERATE_INFOPLIST_FILE = YES;
				INFOPLIST_KEY_UIApplicationSceneManifest_Generation = YES;
				INFOPLIST_KEY_UIApplicationSupportsIndirectInputEvents = YES;
				INFOPLIST_KEY_UILaunchScreen_Generation = YES;
				INFOPLIST_KEY_UISupportedInterfaceOrientations_iPad = "UIInterfaceOrientationPortrait UIInterfaceOrientationPortraitUpsideDown UIInterfaceOrientationLandscapeLeft UIInterfaceOrientationLandscapeRight";
				INFOPLIST_KEY_UISupportedInterfaceOrientations_iPhone = "UIInterfaceOrientationPortrait UIInterfaceOrientationLandscapeLeft UIInterfaceOrientationLandscapeRight";
				LD_RUNPATH_SEARCH_PATHS = (
					"$(inherited)",
					"@executable_path/Frameworks",
				);
				MARKETING_VERSION = 1.0;
				PRODUCT_BUNDLE_IDENTIFIER = PD.WeatherApp;
				PRODUCT_NAME = "$(TARGET_NAME)";
				SWIFT_EMIT_LOC_STRINGS = YES;
				SWIFT_VERSION = 5.0;
				TARGETED_DEVICE_FAMILY = "1,2";
			};
			name = Release;
		};
/* End XCBuildConfiguration section */

/* Begin XCConfigurationList section */
		7C2B3BC62AF8F03700B747F6 /* Build configuration list for PBXProject "WeatherApp" */ = {
			isa = XCConfigurationList;
			buildConfigurations = (
				7C2B3BD72AF8F03900B747F6 /* Debug */,
				7C2B3BD82AF8F03900B747F6 /* Release */,
			);
			defaultConfigurationIsVisible = 0;
			defaultConfigurationName = Release;
		};
		7C2B3BD92AF8F03900B747F6 /* Build configuration list for PBXNativeTarget "WeatherApp" */ = {
			isa = XCConfigurationList;
			buildConfigurations = (
				7C2B3BDA2AF8F03900B747F6 /* Debug */,
				7C2B3BDB2AF8F03900B747F6 /* Release */,
			);
			defaultConfigurationIsVisible = 0;
			defaultConfigurationName = Release;
		};
/* End XCConfigurationList section */
	};
	rootObject = 7C2B3BC32AF8F03700B747F6 /* Project object */;
}
